
Microsoft Visual Studio Solution File, Format Version 12.00
# Visual Studio 15
VisualStudioVersion = 15.0.28307.960
MinimumVisualStudioVersion = 10.0.40219.1
Project("{FAE04EC0-301F-11D3-BF4B-00C04F79EFBC}") = "SampleProject_Aglnc", "SampleProject_Aglnc\SampleProject_Aglnc.csproj", "{1998B1E3-E969-42D2-A4A4-40DA45459481}"
EndProject
Global
	GlobalSection(SolutionConfigurationPlatforms) = preSolution
		Debug|Any CPU = Debug|Any CPU
		Release|Any CPU = Release|Any CPU
	EndGlobalSection
	GlobalSection(ProjectConfigurationPlatforms) = postSolution
		{1998B1E3-E969-42D2-A4A4-40DA45459481}.Debug|Any CPU.ActiveCfg = Debug|Any CPU
		{1998B1E3-E969-42D2-A4A4-40DA45459481}.Debug|Any CPU.Build.0 = Debug|Any CPU
		{1998B1E3-E969-42D2-A4A4-40DA45459481}.Release|Any CPU.ActiveCfg = Release|Any CPU
		{1998B1E3-E969-42D2-A4A4-40DA45459481}.Release|Any CPU.Build.0 = Release|Any CPU
	EndGlobalSection
	GlobalSection(SolutionProperties) = preSolution
		HideSolutionNode = FALSE
	EndGlobalSection
	GlobalSection(ExtensibilityGlobals) = postSolution
		SolutionGuid = {97343A4D-9444-4CE5-987E-1CBD25F975FF}
	EndGlobalSection
EndGlobal
